
Microsoft Visual Studio Solution File, Format Version 12.00
# Visual Studio Version 17
VisualStudioVersion = 17.0.32014.148
MinimumVisualStudioVersion = 10.0.40219.1
Project("{9A19103F-16F7-4668-BE54-9A1E7A4F7556}") = "TES3Lib", "TES3Tool\TES3Lib\TES3Lib.csproj", "{EB6C834A-B58E-4BBF-8BC5-4DEE6A925B4B}"
EndProject
Project("{9A19103F-16F7-4668-BE54-9A1E7A4F7556}") = "Utility", "TES3Tool\Utility\Utility.csproj", "{1BC5CBBB-E155-4D9A-BC55-6FE75109C1B9}"
EndProject
Project("{FAE04EC0-301F-11D3-BF4B-00C04F79EFBC}") = "TES3Merge", "TES3Merge\TES3Merge.csproj", "{5E35B4F8-4150-41D8-B78C-64ED0EF8871E}"
	ProjectSection(ProjectDependencies) = postProject
		{EB6C834A-B58E-4BBF-8BC5-4DEE6A925B4B} = {EB6C834A-B58E-4BBF-8BC5-4DEE6A925B4B}
		{1BC5CBBB-E155-4D9A-BC55-6FE75109C1B9} = {1BC5CBBB-E155-4D9A-BC55-6FE75109C1B9}
	EndProjectSection
EndProject
Global
	GlobalSection(SolutionConfigurationPlatforms) = preSolution
		Debug|Any CPU = Debug|Any CPU
		Release|Any CPU = Release|Any CPU
	EndGlobalSection
	GlobalSection(ProjectConfigurationPlatforms) = postSolution
		{EB6C834A-B58E-4BBF-8BC5-4DEE6A925B4B}.Debug|Any CPU.ActiveCfg = Debug|Any CPU
		{EB6C834A-B58E-4BBF-8BC5-4DEE6A925B4B}.Debug|Any CPU.Build.0 = Debug|Any CPU
		{EB6C834A-B58E-4BBF-8BC5-4DEE6A925B4B}.Release|Any CPU.ActiveCfg = Release|Any CPU
		{EB6C834A-B58E-4BBF-8BC5-4DEE6A925B4B}.Release|Any CPU.Build.0 = Release|Any CPU
		{1BC5CBBB-E155-4D9A-BC55-6FE75109C1B9}.Debug|Any CPU.ActiveCfg = Debug|Any CPU
		{1BC5CBBB-E155-4D9A-BC55-6FE75109C1B9}.Debug|Any CPU.Build.0 = Debug|Any CPU
		{1BC5CBBB-E155-4D9A-BC55-6FE75109C1B9}.Release|Any CPU.ActiveCfg = Release|Any CPU
		{1BC5CBBB-E155-4D9A-BC55-6FE75109C1B9}.Release|Any CPU.Build.0 = Release|Any CPU
		{5E35B4F8-4150-41D8-B78C-64ED0EF8871E}.Debug|Any CPU.ActiveCfg = Debug|Any CPU
		{5E35B4F8-4150-41D8-B78C-64ED0EF8871E}.Debug|Any CPU.Build.0 = Debug|Any CPU
		{5E35B4F8-4150-41D8-B78C-64ED0EF8871E}.Release|Any CPU.ActiveCfg = Release|Any CPU
		{5E35B4F8-4150-41D8-B78C-64ED0EF8871E}.Release|Any CPU.Build.0 = Release|Any CPU
	EndGlobalSection
	GlobalSection(SolutionProperties) = preSolution
		HideSolutionNode = FALSE
	EndGlobalSection
	GlobalSection(ExtensibilityGlobals) = postSolution
		SolutionGuid = {3535F6FB-C6C9-4C94-8B77-21E8B5E90365}
	EndGlobalSection
EndGlobal
